
Microsoft Visual Studio Solution File, Format Version 12.00
# Visual Studio Version 17
VisualStudioVersion = 17.3.32901.215
MinimumVisualStudioVersion = 10.0.40219.1
Project("{FAE04EC0-301F-11D3-BF4B-00C04F79EFBC}") = "Floppy Plane WPF", "Floppy Plane WPF.csproj", "{A8B23171-47A7-4E62-A2D3-F9C34F146B19}"
EndProject
Global
	GlobalSection(SolutionConfigurationPlatforms) = preSolution
		Debug|Any CPU = Debug|Any CPU
		Release|Any CPU = Release|Any CPU
	EndGlobalSection
	GlobalSection(ProjectConfigurationPlatforms) = postSolution
		{A8B23171-47A7-4E62-A2D3-F9C34F146B19}.Debug|Any CPU.ActiveCfg = Debug|Any CPU
		{A8B23171-47A7-4E62-A2D3-F9C34F146B19}.Debug|Any CPU.Build.0 = Debug|Any CPU
		{A8B23171-47A7-4E62-A2D3-F9C34F146B19}.Release|Any CPU.ActiveCfg = Release|Any CPU
		{A8B23171-47A7-4E62-A2D3-F9C34F146B19}.Release|Any CPU.Build.0 = Release|Any CPU
	EndGlobalSection
	GlobalSection(SolutionProperties) = preSolution
		HideSolutionNode = FALSE
	EndGlobalSection
	GlobalSection(ExtensibilityGlobals) = postSolution
		SolutionGuid = {58D1F67E-B652-48CC-B0E2-48ECB5C2A3FF}
	EndGlobalSection
EndGlobal
